{
  "name": "3.8",
  "lockfileVersion": 2,
  "requires": true,
  "packages": {
    "": {
      "dependencies": {
        "types-registry": "^0.1.612"
      },
      "devDependencies": {
        "@types/body-parser": "^1.19.2",
        "@types/chai": "^4.3.0",
        "@types/express": "^4.17.13",
        "@types/lodash.get": "^4.4.6",
        "@types/mocha": "^9.1.0",
        "@types/nise": "^1.4.0",
        "@types/request": "^2.48.8",
        "@types/semver-compare": "^1.0.1",
        "@types/sinon": "^10.0.11",
        "@types/supertest": "^2.0.11"
      }
    },
    "node_modules/@types/body-parser": {
      "version": "1.19.2",
      "resolved": "https://registry.npmjs.org/@types/body-parser/-/body-parser-1.19.2.tgz",
      "integrity": "sha512-ALYone6pm6QmwZoAgeyNksccT9Q4AWZQ6PvfwR37GT6r6FWUPguq6sUmNGSMV2Wr761oQoBxwGGa6DR5o1DC9g==",
      "dev": true,
      "dependencies": {
        "@types/connect": "*",
        "@types/node": "*"
      }
    },
    "node_modules/@types/caseless": {
      "version": "0.12.2",
      "resolved": "https://registry.npmjs.org/@types/caseless/-/caseless-0.12.2.tgz",
      "integrity": "sha512-6ckxMjBBD8URvjB6J3NcnuAn5Pkl7t3TizAg+xdlzzQGSPSmBcXf8KoIH0ua/i+tio+ZRUHEXp0HEmvaR4kt0w==",
      "dev": true
    },
    "node_modules/@types/chai": {
      "version": "4.3.0",
      "resolved": "https://registry.npmjs.org/@types/chai/-/chai-4.3.0.tgz",
      "integrity": "sha512-/ceqdqeRraGolFTcfoXNiqjyQhZzbINDngeoAq9GoHa8PPK1yNzTaxWjA6BFWp5Ua9JpXEMSS4s5i9tS0hOJtw==",
      "dev": true
    },
    "node_modules/@types/connect": {
      "version": "3.4.35",
      "resolved": "https://registry.npmjs.org/@types/connect/-/connect-3.4.35.tgz",
      "integrity": "sha512-cdeYyv4KWoEgpBISTxWvqYsVy444DOqehiF3fM3ne10AmJ62RSyNkUnxMJXHQWRQQX2eR94m5y1IZyDwBjV9FQ==",
      "dev": true,
      "dependencies": {
        "@types/node": "*"
      }
    },
    "node_modules/@types/cookiejar": {
      "version": "2.1.2",
      "resolved": "https://registry.npmjs.org/@types/cookiejar/-/cookiejar-2.1.2.tgz",
      "integrity": "sha512-t73xJJrvdTjXrn4jLS9VSGRbz0nUY3cl2DMGDU48lKl+HR9dbbjW2A9r3g40VA++mQpy6uuHg33gy7du2BKpog==",
      "dev": true
    },
    "node_modules/@types/express": {
      "version": "4.17.13",
      "resolved": "https://registry.npmjs.org/@types/express/-/express-4.17.13.tgz",
      "integrity": "sha512-6bSZTPaTIACxn48l50SR+axgrqm6qXFIxrdAKaG6PaJk3+zuUr35hBlgT7vOmJcum+OEaIBLtHV/qloEAFITeA==",
      "dev": true,
      "dependencies": {
        "@types/body-parser": "*",
        "@types/express-serve-static-core": "^4.17.18",
        "@types/qs": "*",
        "@types/serve-static": "*"
      }
    },
    "node_modules/@types/express-serve-static-core": {
      "version": "4.17.31",
      "resolved": "https://registry.npmjs.org/@types/express-serve-static-core/-/express-serve-static-core-4.17.31.tgz",
      "integrity": "sha512-DxMhY+NAsTwMMFHBTtJFNp5qiHKJ7TeqOo23zVEM9alT1Ml27Q3xcTH0xwxn7Q0BbMcVEJOs/7aQtUWupUQN3Q==",
      "dev": true,
      "dependencies": {
        "@types/node": "*",
        "@types/qs": "*",
        "@types/range-parser": "*"
      }
    },
    "node_modules/@types/lodash": {
      "version": "4.14.186",
      "resolved": "https://registry.npmjs.org/@types/lodash/-/lodash-4.14.186.tgz",
      "integrity": "sha512-eHcVlLXP0c2FlMPm56ITode2AgLMSa6aJ05JTTbYbI+7EMkCEE5qk2E41d5g2lCVTqRe0GnnRFurmlCsDODrPw==",
      "dev": true
    },
    "node_modules/@types/lodash.get": {
      "version": "4.4.6",
      "resolved": "https://registry.npmjs.org/@types/lodash.get/-/lodash.get-4.4.6.tgz",
      "integrity": "sha512-E6zzjR3GtNig8UJG/yodBeJeIOtgPkMgsLjDU3CbgCAPC++vJ0eCMnJhVpRZb/ENqEFlov1+3K9TKtY4UdWKtQ==",
      "dev": true,
      "dependencies": {
        "@types/lodash": "*"
      }
    },
    "node_modules/@types/mime": {
      "version": "3.0.1",
      "resolved": "https://registry.npmjs.org/@types/mime/-/mime-3.0.1.tgz",
      "integrity": "sha512-Y4XFY5VJAuw0FgAqPNd6NNoV44jbq9Bz2L7Rh/J6jLTiHBSBJa9fxqQIvkIld4GsoDOcCbvzOUAbLPsSKKg+uA==",
      "dev": true
    },
    "node_modules/@types/mocha": {
      "version": "9.1.0",
      "resolved": "https://registry.npmjs.org/@types/mocha/-/mocha-9.1.0.tgz",
      "integrity": "sha512-QCWHkbMv4Y5U9oW10Uxbr45qMMSzl4OzijsozynUAgx3kEHUdXB00udx2dWDQ7f2TU2a2uuiFaRZjCe3unPpeg==",
      "dev": true
    },
    "node_modules/@types/nise": {
      "version": "1.4.0",
      "resolved": "https://registry.npmjs.org/@types/nise/-/nise-1.4.0.tgz",
      "integrity": "sha512-DPxmjiDwubsNmguG5X4fEJ+XCyzWM3GXWsqQlvUcjJKa91IOoJUy51meDr0GkzK64qqNcq85ymLlyjoct9tInw==",
      "dev": true
    },
    "node_modules/@types/node": {
      "version": "18.8.3",
      "resolved": "https://registry.npmjs.org/@types/node/-/node-18.8.3.tgz",
      "integrity": "sha512-0os9vz6BpGwxGe9LOhgP/ncvYN5Tx1fNcd2TM3rD/aCGBkysb+ZWpXEocG24h6ZzOi13+VB8HndAQFezsSOw1w==",
      "dev": true
    },
    "node_modules/@types/qs": {
      "version": "6.9.7",
      "resolved": "https://registry.npmjs.org/@types/qs/-/qs-6.9.7.tgz",
      "integrity": "sha512-FGa1F62FT09qcrueBA6qYTrJPVDzah9a+493+o2PCXsesWHIn27G98TsSMs3WPNbZIEj4+VJf6saSFpvD+3Zsw==",
      "dev": true
    },
    "node_modules/@types/range-parser": {
      "version": "1.2.4",
      "resolved": "https://registry.npmjs.org/@types/range-parser/-/range-parser-1.2.4.tgz",
      "integrity": "sha512-EEhsLsD6UsDM1yFhAvy0Cjr6VwmpMWqFBCb9w07wVugF7w9nfajxLuVmngTIpgS6svCnm6Vaw+MZhoDCKnOfsw==",
      "dev": true
    },
    "node_modules/@types/request": {
      "version": "2.48.8",
      "resolved": "https://registry.npmjs.org/@types/request/-/request-2.48.8.tgz",
      "integrity": "sha512-whjk1EDJPcAR2kYHRbFl/lKeeKYTi05A15K9bnLInCVroNDCtXce57xKdI0/rQaA3K+6q0eFyUBPmqfSndUZdQ==",
      "dev": true,
      "dependencies": {
        "@types/caseless": "*",
        "@types/node": "*",
        "@types/tough-cookie": "*",
        "form-data": "^2.5.0"
      }
    },
    "node_modules/@types/semver-compare": {
      "version": "1.0.1",
      "resolved": "https://registry.npmjs.org/@types/semver-compare/-/semver-compare-1.0.1.tgz",
      "integrity": "sha512-wx2LQVvKlEkhXp/HoKIZ/aSL+TvfJdKco8i0xJS3aR877mg4qBHzNT6+B5a61vewZHo79EdZavskGnRXEC2H6A==",
      "dev": true
    },
    "node_modules/@types/serve-static": {
      "version": "1.15.0",
      "resolved": "https://registry.npmjs.org/@types/serve-static/-/serve-static-1.15.0.tgz",
      "integrity": "sha512-z5xyF6uh8CbjAu9760KDKsH2FcDxZ2tFCsA4HIMWE6IkiYMXfVoa+4f9KX+FN0ZLsaMw1WNG2ETLA6N+/YA+cg==",
      "dev": true,
      "dependencies": {
        "@types/mime": "*",
        "@types/node": "*"
      }
    },
    "node_modules/@types/sinon": {
      "version": "10.0.11",
      "resolved": "https://registry.npmjs.org/@types/sinon/-/sinon-10.0.11.tgz",
      "integrity": "sha512-dmZsHlBsKUtBpHriNjlK0ndlvEh8dcb9uV9Afsbt89QIyydpC7NcR+nWlAhASfy3GHnxTl4FX/aKE7XZUt/B4g==",
      "dev": true,
      "dependencies": {
        "@types/sinonjs__fake-timers": "*"
      }
    },
    "node_modules/@types/sinonjs__fake-timers": {
      "version": "8.1.2",
      "resolved": "https://registry.npmjs.org/@types/sinonjs__fake-timers/-/sinonjs__fake-timers-8.1.2.tgz",
      "integrity": "sha512-9GcLXF0/v3t80caGs5p2rRfkB+a8VBGLJZVih6CNFkx8IZ994wiKKLSRs9nuFwk1HevWs/1mnUmkApGrSGsShA==",
      "dev": true
    },
    "node_modules/@types/superagent": {
      "version": "4.1.15",
      "resolved": "https://registry.npmjs.org/@types/superagent/-/superagent-4.1.15.tgz",
      "integrity": "sha512-mu/N4uvfDN2zVQQ5AYJI/g4qxn2bHB6521t1UuH09ShNWjebTqN0ZFuYK9uYjcgmI0dTQEs+Owi1EO6U0OkOZQ==",
      "dev": true,
      "dependencies": {
        "@types/cookiejar": "*",
        "@types/node": "*"
      }
    },
    "node_modules/@types/supertest": {
      "version": "2.0.11",
      "resolved": "https://registry.npmjs.org/@types/supertest/-/supertest-2.0.11.tgz",
      "integrity": "sha512-uci4Esokrw9qGb9bvhhSVEjd6rkny/dk5PK/Qz4yxKiyppEI+dOPlNrZBahE3i+PoKFYyDxChVXZ/ysS/nrm1Q==",
      "dev": true,
      "dependencies": {
        "@types/superagent": "*"
      }
    },
    "node_modules/@types/tough-cookie": {
      "version": "4.0.2",
      "resolved": "https://registry.npmjs.org/@types/tough-cookie/-/tough-cookie-4.0.2.tgz",
      "integrity": "sha512-Q5vtl1W5ue16D+nIaW8JWebSSraJVlK+EthKn7e7UcD4KWsaSJ8BqGPXNaPghgtcn/fhvrN17Tv8ksUsQpiplw==",
      "dev": true
    },
    "node_modules/asynckit": {
      "version": "0.4.0",
      "resolved": "https://registry.npmjs.org/asynckit/-/asynckit-0.4.0.tgz",
      "integrity": "sha512-Oei9OH4tRh0YqU3GxhX79dM/mwVgvbZJaSNaRk+bshkj0S5cfHcgYakreBjrHwatXKbz+IoIdYLxrKim2MjW0Q==",
      "dev": true
    },
    "node_modules/combined-stream": {
      "version": "1.0.8",
      "resolved": "https://registry.npmjs.org/combined-stream/-/combined-stream-1.0.8.tgz",
      "integrity": "sha512-FQN4MRfuJeHf7cBbBMJFXhKSDq+2kAArBlmRBvcvFE5BB1HZKXtSFASDhdlz9zOYwxh8lDdnvmMOe/+5cdoEdg==",
      "dev": true,
      "dependencies": {
        "delayed-stream": "~1.0.0"
      },
      "engines": {
        "node": ">= 0.8"
      }
    },
    "node_modules/delayed-stream": {
      "version": "1.0.0",
      "resolved": "https://registry.npmjs.org/delayed-stream/-/delayed-stream-1.0.0.tgz",
      "integrity": "sha512-ZySD7Nf91aLB0RxL4KGrKHBXl7Eds1DAmEdcoVawXnLD7SDhpNgtuII2aAkg7a7QS41jxPSZ17p4VdGnMHk3MQ==",
      "dev": true,
      "engines": {
        "node": ">=0.4.0"
      }
    },
    "node_modules/form-data": {
      "version": "2.5.1",
      "resolved": "https://registry.npmjs.org/form-data/-/form-data-2.5.1.tgz",
      "integrity": "sha512-m21N3WOmEEURgk6B9GLOE4RuWOFf28Lhh9qGYeNlGq4VDXUlJy2th2slBNU8Gp8EzloYZOibZJ7t5ecIrFSjVA==",
      "dev": true,
      "dependencies": {
        "asynckit": "^0.4.0",
        "combined-stream": "^1.0.6",
        "mime-types": "^2.1.12"
      },
      "engines": {
        "node": ">= 0.12"
      }
    },
    "node_modules/mime-db": {
      "version": "1.52.0",
      "resolved": "https://registry.npmjs.org/mime-db/-/mime-db-1.52.0.tgz",
      "integrity": "sha512-sPU4uV7dYlvtWJxwwxHD0PuihVNiE7TyAbQ5SWxDCB9mUYvOgroQOwYQQOKPJ8CIbE+1ETVlOoK1UC2nU3gYvg==",
      "dev": true,
      "engines": {
        "node": ">= 0.6"
      }
    },
    "node_modules/mime-types": {
      "version": "2.1.35",
      "resolved": "https://registry.npmjs.org/mime-types/-/mime-types-2.1.35.tgz",
      "integrity": "sha512-ZDY+bPm5zTTF+YpCrAU9nK0UgICYPT0QtT1NZWFv4s++TNkcgVaT0g6+4R2uI4MjQjzysHB1zxuWL50hzaeXiw==",
      "dev": true,
      "dependencies": {
        "mime-db": "1.52.0"
      },
      "engines": {
        "node": ">= 0.6"
      }
    },
    "node_modules/types-registry": {
      "version": "0.1.612",
      "resolved": "https://registry.npmjs.org/types-registry/-/types-registry-0.1.612.tgz",
      "integrity": "sha512-6zR/5TwrVhWzTB5QvahknIugYS8FTMwb60JKkzFpEaZviRE7D71tllpPoSsGoLk6ERM8uTqxr2GCuctruvydZw=="
    }
  },
  "dependencies": {
    "@types/body-parser": {
      "version": "1.19.2",
      "resolved": "https://registry.npmjs.org/@types/body-parser/-/body-parser-1.19.2.tgz",
      "integrity": "sha512-ALYone6pm6QmwZoAgeyNksccT9Q4AWZQ6PvfwR37GT6r6FWUPguq6sUmNGSMV2Wr761oQoBxwGGa6DR5o1DC9g==",
      "dev": true,
      "requires": {
        "@types/connect": "*",
        "@types/node": "*"
      }
    },
    "@types/caseless": {
      "version": "0.12.2",
      "resolved": "https://registry.npmjs.org/@types/caseless/-/caseless-0.12.2.tgz",
      "integrity": "sha512-6ckxMjBBD8URvjB6J3NcnuAn5Pkl7t3TizAg+xdlzzQGSPSmBcXf8KoIH0ua/i+tio+ZRUHEXp0HEmvaR4kt0w==",
      "dev": true
    },
    "@types/chai": {
      "version": "4.3.0",
      "resolved": "https://registry.npmjs.org/@types/chai/-/chai-4.3.0.tgz",
      "integrity": "sha512-/ceqdqeRraGolFTcfoXNiqjyQhZzbINDngeoAq9GoHa8PPK1yNzTaxWjA6BFWp5Ua9JpXEMSS4s5i9tS0hOJtw==",
      "dev": true
    },
    "@types/connect": {
      "version": "3.4.35",
      "resolved": "https://registry.npmjs.org/@types/connect/-/connect-3.4.35.tgz",
      "integrity": "sha512-cdeYyv4KWoEgpBISTxWvqYsVy444DOqehiF3fM3ne10AmJ62RSyNkUnxMJXHQWRQQX2eR94m5y1IZyDwBjV9FQ==",
      "dev": true,
      "requires": {
        "@types/node": "*"
      }
    },
    "@types/cookiejar": {
      "version": "2.1.2",
      "resolved": "https://registry.npmjs.org/@types/cookiejar/-/cookiejar-2.1.2.tgz",
      "integrity": "sha512-t73xJJrvdTjXrn4jLS9VSGRbz0nUY3cl2DMGDU48lKl+HR9dbbjW2A9r3g40VA++mQpy6uuHg33gy7du2BKpog==",
      "dev": true
    },
    "@types/express": {
      "version": "4.17.13",
      "resolved": "https://registry.npmjs.org/@types/express/-/express-4.17.13.tgz",
      "integrity": "sha512-6bSZTPaTIACxn48l50SR+axgrqm6qXFIxrdAKaG6PaJk3+zuUr35hBlgT7vOmJcum+OEaIBLtHV/qloEAFITeA==",
      "dev": true,
      "requires": {
        "@types/body-parser": "*",
        "@types/express-serve-static-core": "^4.17.18",
        "@types/qs": "*",
        "@types/serve-static": "*"
      }
    },
    "@types/express-serve-static-core": {
      "version": "4.17.31",
      "resolved": "https://registry.npmjs.org/@types/express-serve-static-core/-/express-serve-static-core-4.17.31.tgz",
      "integrity": "sha512-DxMhY+NAsTwMMFHBTtJFNp5qiHKJ7TeqOo23zVEM9alT1Ml27Q3xcTH0xwxn7Q0BbMcVEJOs/7aQtUWupUQN3Q==",
      "dev": true,
      "requires": {
        "@types/node": "*",
        "@types/qs": "*",
        "@types/range-parser": "*"
      }
    },
    "@types/lodash": {
      "version": "4.14.186",
      "resolved": "https://registry.npmjs.org/@types/lodash/-/lodash-4.14.186.tgz",
      "integrity": "sha512-eHcVlLXP0c2FlMPm56ITode2AgLMSa6aJ05JTTbYbI+7EMkCEE5qk2E41d5g2lCVTqRe0GnnRFurmlCsDODrPw==",
      "dev": true
    },
    "@types/lodash.get": {
      "version": "4.4.6",
      "resolved": "https://registry.npmjs.org/@types/lodash.get/-/lodash.get-4.4.6.tgz",
      "integrity": "sha512-E6zzjR3GtNig8UJG/yodBeJeIOtgPkMgsLjDU3CbgCAPC++vJ0eCMnJhVpRZb/ENqEFlov1+3K9TKtY4UdWKtQ==",
      "dev": true,
      "requires": {
        "@types/lodash": "*"
      }
    },
    "@types/mime": {
      "version": "3.0.1",
      "resolved": "https://registry.npmjs.org/@types/mime/-/mime-3.0.1.tgz",
      "integrity": "sha512-Y4XFY5VJAuw0FgAqPNd6NNoV44jbq9Bz2L7Rh/J6jLTiHBSBJa9fxqQIvkIld4GsoDOcCbvzOUAbLPsSKKg+uA==",
      "dev": true
    },
    "@types/mocha": {
      "version": "9.1.0",
      "resolved": "https://registry.npmjs.org/@types/mocha/-/mocha-9.1.0.tgz",
      "integrity": "sha512-QCWHkbMv4Y5U9oW10Uxbr45qMMSzl4OzijsozynUAgx3kEHUdXB00udx2dWDQ7f2TU2a2uuiFaRZjCe3unPpeg==",
      "dev": true
    },
    "@types/nise": {
      "version": "1.4.0",
      "resolved": "https://registry.npmjs.org/@types/nise/-/nise-1.4.0.tgz",
      "integrity": "sha512-DPxmjiDwubsNmguG5X4fEJ+XCyzWM3GXWsqQlvUcjJKa91IOoJUy51meDr0GkzK64qqNcq85ymLlyjoct9tInw==",
      "dev": true
    },
    "@types/node": {
      "version": "18.8.3",
      "resolved": "https://registry.npmjs.org/@types/node/-/node-18.8.3.tgz",
      "integrity": "sha512-0os9vz6BpGwxGe9LOhgP/ncvYN5Tx1fNcd2TM3rD/aCGBkysb+ZWpXEocG24h6ZzOi13+VB8HndAQFezsSOw1w==",
      "dev": true
    },
    "@types/qs": {
      "version": "6.9.7",
      "resolved": "https://registry.npmjs.org/@types/qs/-/qs-6.9.7.tgz",
      "integrity": "sha512-FGa1F62FT09qcrueBA6qYTrJPVDzah9a+493+o2PCXsesWHIn27G98TsSMs3WPNbZIEj4+VJf6saSFpvD+3Zsw==",
      "dev": true
    },
    "@types/range-parser": {
      "version": "1.2.4",
      "resolved": "https://registry.npmjs.org/@types/range-parser/-/range-parser-1.2.4.tgz",
      "integrity": "sha512-EEhsLsD6UsDM1yFhAvy0Cjr6VwmpMWqFBCb9w07wVugF7w9nfajxLuVmngTIpgS6svCnm6Vaw+MZhoDCKnOfsw==",
      "dev": true
    },
    "@types/request": {
      "version": "2.48.8",
      "resolved": "https://registry.npmjs.org/@types/request/-/request-2.48.8.tgz",
      "integrity": "sha512-whjk1EDJPcAR2kYHRbFl/lKeeKYTi05A15K9bnLInCVroNDCtXce57xKdI0/rQaA3K+6q0eFyUBPmqfSndUZdQ==",
      "dev": true,
      "requires": {
        "@types/caseless": "*",
        "@types/node": "*",
        "@types/tough-cookie": "*",
        "form-data": "^2.5.0"
      }
    },
    "@types/semver-compare": {
      "version": "1.0.1",
      "resolved": "https://registry.npmjs.org/@types/semver-compare/-/semver-compare-1.0.1.tgz",
      "integrity": "sha512-wx2LQVvKlEkhXp/HoKIZ/aSL+TvfJdKco8i0xJS3aR877mg4qBHzNT6+B5a61vewZHo79EdZavskGnRXEC2H6A==",
      "dev": true
    },
    "@types/serve-static": {
      "version": "1.15.0",
      "resolved": "https://registry.npmjs.org/@types/serve-static/-/serve-static-1.15.0.tgz",
      "integrity": "sha512-z5xyF6uh8CbjAu9760KDKsH2FcDxZ2tFCsA4HIMWE6IkiYMXfVoa+4f9KX+FN0ZLsaMw1WNG2ETLA6N+/YA+cg==",
      "dev": true,
      "requires": {
        "@types/mime": "*",
        "@types/node": "*"
      }
    },
    "@types/sinon": {
      "version": "10.0.11",
      "resolved": "https://registry.npmjs.org/@types/sinon/-/sinon-10.0.11.tgz",
      "integrity": "sha512-dmZsHlBsKUtBpHriNjlK0ndlvEh8dcb9uV9Afsbt89QIyydpC7NcR+nWlAhASfy3GHnxTl4FX/aKE7XZUt/B4g==",
      "dev": true,
      "requires": {
        "@types/sinonjs__fake-timers": "*"
      }
    },
    "@types/sinonjs__fake-timers": {
      "version": "8.1.2",
      "resolved": "https://registry.npmjs.org/@types/sinonjs__fake-timers/-/sinonjs__fake-timers-8.1.2.tgz",
      "integrity": "sha512-9GcLXF0/v3t80caGs5p2rRfkB+a8VBGLJZVih6CNFkx8IZ994wiKKLSRs9nuFwk1HevWs/1mnUmkApGrSGsShA==",
      "dev": true
    },
    "@types/superagent": {
      "version": "4.1.15",
      "resolved": "https://registry.npmjs.org/@types/superagent/-/superagent-4.1.15.tgz",
      "integrity": "sha512-mu/N4uvfDN2zVQQ5AYJI/g4qxn2bHB6521t1UuH09ShNWjebTqN0ZFuYK9uYjcgmI0dTQEs+Owi1EO6U0OkOZQ==",
      "dev": true,
      "requires": {
        "@types/cookiejar": "*",
        "@types/node": "*"
      }
    },
    "@types/supertest": {
      "version": "2.0.11",
      "resolved": "https://registry.npmjs.org/@types/supertest/-/supertest-2.0.11.tgz",
      "integrity": "sha512-uci4Esokrw9qGb9bvhhSVEjd6rkny/dk5PK/Qz4yxKiyppEI+dOPlNrZBahE3i+PoKFYyDxChVXZ/ysS/nrm1Q==",
      "dev": true,
      "requires": {
        "@types/superagent": "*"
      }
    },
    "@types/tough-cookie": {
      "version": "4.0.2",
      "resolved": "https://registry.npmjs.org/@types/tough-cookie/-/tough-cookie-4.0.2.tgz",
      "integrity": "sha512-Q5vtl1W5ue16D+nIaW8JWebSSraJVlK+EthKn7e7UcD4KWsaSJ8BqGPXNaPghgtcn/fhvrN17Tv8ksUsQpiplw==",
      "dev": true
    },
    "asynckit": {
      "version": "0.4.0",
      "resolved": "https://registry.npmjs.org/asynckit/-/asynckit-0.4.0.tgz",
      "integrity": "sha512-Oei9OH4tRh0YqU3GxhX79dM/mwVgvbZJaSNaRk+bshkj0S5cfHcgYakreBjrHwatXKbz+IoIdYLxrKim2MjW0Q==",
      "dev": true
    },
    "combined-stream": {
      "version": "1.0.8",
      "resolved": "https://registry.npmjs.org/combined-stream/-/combined-stream-1.0.8.tgz",
      "integrity": "sha512-FQN4MRfuJeHf7cBbBMJFXhKSDq+2kAArBlmRBvcvFE5BB1HZKXtSFASDhdlz9zOYwxh8lDdnvmMOe/+5cdoEdg==",
      "dev": true,
      "requires": {
        "delayed-stream": "~1.0.0"
      }
    },
    "delayed-stream": {
      "version": "1.0.0",
      "resolved": "https://registry.npmjs.org/delayed-stream/-/delayed-stream-1.0.0.tgz",
      "integrity": "sha512-ZySD7Nf91aLB0RxL4KGrKHBXl7Eds1DAmEdcoVawXnLD7SDhpNgtuII2aAkg7a7QS41jxPSZ17p4VdGnMHk3MQ==",
      "dev": true
    },
    "form-data": {
      "version": "2.5.1",
      "resolved": "https://registry.npmjs.org/form-data/-/form-data-2.5.1.tgz",
      "integrity": "sha512-m21N3WOmEEURgk6B9GLOE4RuWOFf28Lhh9qGYeNlGq4VDXUlJy2th2slBNU8Gp8EzloYZOibZJ7t5ecIrFSjVA==",
      "dev": true,
      "requires": {
        "asynckit": "^0.4.0",
        "combined-stream": "^1.0.6",
        "mime-types": "^2.1.12"
      }
    },
    "mime-db": {
      "version": "1.52.0",
      "resolved": "https://registry.npmjs.org/mime-db/-/mime-db-1.52.0.tgz",
      "integrity": "sha512-sPU4uV7dYlvtWJxwwxHD0PuihVNiE7TyAbQ5SWxDCB9mUYvOgroQOwYQQOKPJ8CIbE+1ETVlOoK1UC2nU3gYvg==",
      "dev": true
    },
    "mime-types": {
      "version": "2.1.35",
      "resolved": "https://registry.npmjs.org/mime-types/-/mime-types-2.1.35.tgz",
      "integrity": "sha512-ZDY+bPm5zTTF+YpCrAU9nK0UgICYPT0QtT1NZWFv4s++TNkcgVaT0g6+4R2uI4MjQjzysHB1zxuWL50hzaeXiw==",
      "dev": true,
      "requires": {
        "mime-db": "1.52.0"
      }
    },
    "types-registry": {
      "version": "0.1.612",
      "resolved": "https://registry.npmjs.org/types-registry/-/types-registry-0.1.612.tgz",
      "integrity": "sha512-6zR/5TwrVhWzTB5QvahknIugYS8FTMwb60JKkzFpEaZviRE7D71tllpPoSsGoLk6ERM8uTqxr2GCuctruvydZw=="
    }
  }
}
